
Microsoft Visual Studio Solution File, Format Version 12.00
# Visual Studio Version 17
VisualStudioVersion = 17.6.33723.286
MinimumVisualStudioVersion = 10.0.40219.1
Project("{FAE04EC0-301F-11D3-BF4B-00C04F79EFBC}") = "WebApplication2", "WebApplication2.csproj", "{DB4F52F0-26EC-4F13-AC24-84D66CE8A155}"
EndProject
Global
	GlobalSection(SolutionConfigurationPlatforms) = preSolution
		Debug|Any CPU = Debug|Any CPU
		Release|Any CPU = Release|Any CPU
	EndGlobalSection
	GlobalSection(ProjectConfigurationPlatforms) = postSolution
		{DB4F52F0-26EC-4F13-AC24-84D66CE8A155}.Debug|Any CPU.ActiveCfg = Debug|Any CPU
		{DB4F52F0-26EC-4F13-AC24-84D66CE8A155}.Debug|Any CPU.Build.0 = Debug|Any CPU
		{DB4F52F0-26EC-4F13-AC24-84D66CE8A155}.Release|Any CPU.ActiveCfg = Release|Any CPU
		{DB4F52F0-26EC-4F13-AC24-84D66CE8A155}.Release|Any CPU.Build.0 = Release|Any CPU
	EndGlobalSection
	GlobalSection(SolutionProperties) = preSolution
		HideSolutionNode = FALSE
	EndGlobalSection
	GlobalSection(ExtensibilityGlobals) = postSolution
		SolutionGuid = {D4868070-653C-4747-9F48-301847BB4CA0}
	EndGlobalSection
EndGlobal
